
Microsoft Visual Studio Solution File, Format Version 12.00
# Visual Studio Version 17
VisualStudioVersion = 17.11.35327.3
MinimumVisualStudioVersion = 10.0.40219.1
Project("{FAE04EC0-301F-11D3-BF4B-00C04F79EFBC}") = "CampingApplication.Business", "CampingApplication\CampingApplication.Business.csproj", "{D6B9C329-94A5-485E-865D-E2BB92F05B5C}"
EndProject
Global
	GlobalSection(SolutionConfigurationPlatforms) = preSolution
		Debug|Any CPU = Debug|Any CPU
		Release|Any CPU = Release|Any CPU
	EndGlobalSection
	GlobalSection(ProjectConfigurationPlatforms) = postSolution
		{D6B9C329-94A5-485E-865D-E2BB92F05B5C}.Debug|Any CPU.ActiveCfg = Debug|Any CPU
		{D6B9C329-94A5-485E-865D-E2BB92F05B5C}.Debug|Any CPU.Build.0 = Debug|Any CPU
		{D6B9C329-94A5-485E-865D-E2BB92F05B5C}.Release|Any CPU.ActiveCfg = Release|Any CPU
		{D6B9C329-94A5-485E-865D-E2BB92F05B5C}.Release|Any CPU.Build.0 = Release|Any CPU
	EndGlobalSection
	GlobalSection(SolutionProperties) = preSolution
		HideSolutionNode = FALSE
	EndGlobalSection
	GlobalSection(ExtensibilityGlobals) = postSolution
		SolutionGuid = {BBFC6C1C-3508-410E-B9FC-5ACE63BEF4FD}
	EndGlobalSection
EndGlobal
