
Microsoft Visual Studio Solution File, Format Version 12.00
# Visual Studio Version 17
VisualStudioVersion = 17.0.31903.59
MinimumVisualStudioVersion = 10.0.40219.1
Project("{9A19103F-16F7-4668-BE54-9A1E7A4F7556}") = "CampingApplication.Business", "Business\CampingApplication.Business.csproj", "{C9244DA7-A905-4FF7-9CFD-15B05F5740DB}"
EndProject
Project("{9A19103F-16F7-4668-BE54-9A1E7A4F7556}") = "UnitTests", "UnitTests\UnitTests.csproj", "{3A176957-3536-4221-BA1E-48928A7516F5}"
EndProject
Project("{9A19103F-16F7-4668-BE54-9A1E7A4F7556}") = "CampingApplication.VisitorApp", "VisitorApp\CampingApplication.VisitorApp.csproj", "{81CE4B74-73BC-40F4-9165-07EF8539649D}"
EndProject
Project("{2150E333-8FDC-42A3-9474-1A3956D46DE8}") = ".github", ".github", "{1BA2E456-ED88-44FE-AD09-B192E4BC9CC4}"
EndProject
Project("{2150E333-8FDC-42A3-9474-1A3956D46DE8}") = "workflows", "workflows", "{D1883CA6-F0F5-459D-BC21-7BC4230B949B}"
	ProjectSection(SolutionItems) = preProject
		deploy-visitor-app.yml = deploy-visitor-app.yml
	EndProjectSection
EndProject
Project("{FAE04EC0-301F-11D3-BF4B-00C04F79EFBC}") = "DataAccess", "DataAccess\DataAccess.csproj", "{1B54C1BE-CFBC-4979-B344-666CE8D945A3}"
EndProject
Project("{FAE04EC0-301F-11D3-BF4B-00C04F79EFBC}") = "CampingApplication.EmployeeApp", "EmployeeApp\CampingApplication.EmployeeApp.csproj", "{93F5CE61-3AFA-4CFA-9F34-F9DB78EB6C73}"
EndProject
Project("{FAE04EC0-301F-11D3-BF4B-00C04F79EFBC}") = "CampingApplication.Client.Shared", "CampingApplication.Shared\CampingApplication.Client.Shared.csproj", "{E702E080-59B3-4B90-81D4-228D0664A895}"
EndProject
Global
	GlobalSection(SolutionConfigurationPlatforms) = preSolution
		Debug|Any CPU = Debug|Any CPU
		Release|Any CPU = Release|Any CPU
	EndGlobalSection
	GlobalSection(ProjectConfigurationPlatforms) = postSolution
		{C9244DA7-A905-4FF7-9CFD-15B05F5740DB}.Debug|Any CPU.ActiveCfg = Debug|Any CPU
		{C9244DA7-A905-4FF7-9CFD-15B05F5740DB}.Debug|Any CPU.Build.0 = Debug|Any CPU
		{C9244DA7-A905-4FF7-9CFD-15B05F5740DB}.Release|Any CPU.ActiveCfg = Release|Any CPU
		{C9244DA7-A905-4FF7-9CFD-15B05F5740DB}.Release|Any CPU.Build.0 = Release|Any CPU
		{3A176957-3536-4221-BA1E-48928A7516F5}.Debug|Any CPU.ActiveCfg = Debug|Any CPU
		{3A176957-3536-4221-BA1E-48928A7516F5}.Debug|Any CPU.Build.0 = Debug|Any CPU
		{3A176957-3536-4221-BA1E-48928A7516F5}.Release|Any CPU.ActiveCfg = Release|Any CPU
		{3A176957-3536-4221-BA1E-48928A7516F5}.Release|Any CPU.Build.0 = Release|Any CPU
		{81CE4B74-73BC-40F4-9165-07EF8539649D}.Debug|Any CPU.ActiveCfg = Debug|Any CPU
		{81CE4B74-73BC-40F4-9165-07EF8539649D}.Debug|Any CPU.Build.0 = Debug|Any CPU
		{81CE4B74-73BC-40F4-9165-07EF8539649D}.Release|Any CPU.ActiveCfg = Release|Any CPU
		{81CE4B74-73BC-40F4-9165-07EF8539649D}.Release|Any CPU.Build.0 = Release|Any CPU
		{1B54C1BE-CFBC-4979-B344-666CE8D945A3}.Debug|Any CPU.ActiveCfg = Debug|Any CPU
		{1B54C1BE-CFBC-4979-B344-666CE8D945A3}.Debug|Any CPU.Build.0 = Debug|Any CPU
		{1B54C1BE-CFBC-4979-B344-666CE8D945A3}.Release|Any CPU.ActiveCfg = Release|Any CPU
		{1B54C1BE-CFBC-4979-B344-666CE8D945A3}.Release|Any CPU.Build.0 = Release|Any CPU
		{93F5CE61-3AFA-4CFA-9F34-F9DB78EB6C73}.Debug|Any CPU.ActiveCfg = Debug|Any CPU
		{93F5CE61-3AFA-4CFA-9F34-F9DB78EB6C73}.Debug|Any CPU.Build.0 = Debug|Any CPU
		{93F5CE61-3AFA-4CFA-9F34-F9DB78EB6C73}.Release|Any CPU.ActiveCfg = Release|Any CPU
		{93F5CE61-3AFA-4CFA-9F34-F9DB78EB6C73}.Release|Any CPU.Build.0 = Release|Any CPU
		{E702E080-59B3-4B90-81D4-228D0664A895}.Debug|Any CPU.ActiveCfg = Debug|Any CPU
		{E702E080-59B3-4B90-81D4-228D0664A895}.Debug|Any CPU.Build.0 = Debug|Any CPU
		{E702E080-59B3-4B90-81D4-228D0664A895}.Release|Any CPU.ActiveCfg = Release|Any CPU
		{E702E080-59B3-4B90-81D4-228D0664A895}.Release|Any CPU.Build.0 = Release|Any CPU
	EndGlobalSection
	GlobalSection(SolutionProperties) = preSolution
		HideSolutionNode = FALSE
	EndGlobalSection
	GlobalSection(NestedProjects) = preSolution
		{D1883CA6-F0F5-459D-BC21-7BC4230B949B} = {1BA2E456-ED88-44FE-AD09-B192E4BC9CC4}
	EndGlobalSection
	GlobalSection(ExtensibilityGlobals) = postSolution
		SolutionGuid = {F5763714-2B5A-4B78-A0B2-AD1F8CA8A8E6}
	EndGlobalSection
EndGlobal
